// !$*UTF8*$!
{
	archiveVersion = 1;
	classes = {
	};
	objectVersion = 50;
	objects = {

/* Begin PBXBuildFile section */
		04B644F0284D08B800376B8A /* libcrypto.a in Frameworks */ = {isa = PBXBuildFile; fileRef = 04B644ED284D08B800376B8A /* libcrypto.a */; };
		04B644F1284D08B800376B8A /* libssl.a in Frameworks */ = {isa = PBXBuildFile; fileRef = 04B644EE284D08B800376B8A /* libssl.a */; };
		04B644F2284D08B800376B8A /* libdobby.a in Frameworks */ = {isa = PBXBuildFile; fileRef = 04B644EF284D08B800376B8A /* libdobby.a */; };
		63E29E1F2C57BED7001AB77F /* ViewController.h in Headers */ = {isa = PBXBuildFile; fileRef = 63E29E1D2C57BED7001AB77F /* ViewController.h */; };
		63E29E202C57BED7001AB77F /* ViewController.mm in Sources */ = {isa = PBXBuildFile; fileRef = 63E29E1E2C57BED7001AB77F /* ViewController.mm */; };
		63E29EE42C57C058001AB77F /* Config.h in Headers */ = {isa = PBXBuildFile; fileRef = 63E29E9D2C57C058001AB77F /* Config.h */; };
		63E29EE62C57C058001AB77F /* NSString+Tools.m in Sources */ = {isa = PBXBuildFile; fileRef = 63E29EA72C57C058001AB77F /* NSString+Tools.m */; };
		63E29EE72C57C058001AB77F /* NSDictionary+StichingStringkeyValue.m in Sources */ = {isa = PBXBuildFile; fileRef = 63E29EA82C57C058001AB77F /* NSDictionary+StichingStringkeyValue.m */; };
		63E29EE82C57C058001AB77F /* MF_Base64Additions.h in Headers */ = {isa = PBXBuildFile; fileRef = 63E29EA92C57C058001AB77F /* MF_Base64Additions.h */; };
		63E29EE92C57C058001AB77F /* NetWorkingApiClient.h in Headers */ = {isa = PBXBuildFile; fileRef = 63E29EAA2C57C058001AB77F /* NetWorkingApiClient.h */; };
		63E29EEA2C57C058001AB77F /* DES3Util.h in Headers */ = {isa = PBXBuildFile; fileRef = 63E29EAB2C57C058001AB77F /* DES3Util.h */; };
		63E29EEB2C57C058001AB77F /* NSString+MD5.h in Headers */ = {isa = PBXBuildFile; fileRef = 63E29EAC2C57C058001AB77F /* NSString+MD5.h */; };
		63E29EEC2C57C058001AB77F /* NSString+URLCode.m in Sources */ = {isa = PBXBuildFile; fileRef = 63E29EAD2C57C058001AB77F /* NSString+URLCode.m */; };
		63E29EED2C57C058001AB77F /* getKeychain.h in Headers */ = {isa = PBXBuildFile; fileRef = 63E29EAE2C57C058001AB77F /* getKeychain.h */; };
		63E29EEE2C57C058001AB77F /* NSString+Tools.h in Headers */ = {isa = PBXBuildFile; fileRef = 63E29EAF2C57C058001AB77F /* NSString+Tools.h */; };
		63E29EEF2C57C058001AB77F /* MF_Base64Additions.m in Sources */ = {isa = PBXBuildFile; fileRef = 63E29EB02C57C058001AB77F /* MF_Base64Additions.m */; };
		63E29EF02C57C058001AB77F /* NSDictionary+StichingStringkeyValue.h in Headers */ = {isa = PBXBuildFile; fileRef = 63E29EB12C57C058001AB77F /* NSDictionary+StichingStringkeyValue.h */; };
		63E29EF12C57C058001AB77F /* NSString+MD5.m in Sources */ = {isa = PBXBuildFile; fileRef = 63E29EB22C57C058001AB77F /* NSString+MD5.m */; };
		63E29EF22C57C058001AB77F /* DES3Util.m in Sources */ = {isa = PBXBuildFile; fileRef = 63E29EB32C57C058001AB77F /* DES3Util.m */; };
		63E29EF32C57C058001AB77F /* NetWorkingApiClient.m in Sources */ = {isa = PBXBuildFile; fileRef = 63E29EB42C57C058001AB77F /* NetWorkingApiClient.m */; };
		63E29EF42C57C058001AB77F /* getKeychain.m in Sources */ = {isa = PBXBuildFile; fileRef = 63E29EB52C57C058001AB77F /* getKeychain.m */; };
		63E29EF52C57C058001AB77F /* NSString+URLCode.h in Headers */ = {isa = PBXBuildFile; fileRef = 63E29EB62C57C058001AB77F /* NSString+URLCode.h */; };
		63E29EF62C57C058001AB77F /* Config.m in Sources */ = {isa = PBXBuildFile; fileRef = 63E29EB72C57C058001AB77F /* Config.m */; };
		63E29EF72C57C058001AB77F /* WX_NongShiFu123.mm in Sources */ = {isa = PBXBuildFile; fileRef = 63E29EB82C57C058001AB77F /* WX_NongShiFu123.mm */; };
		63E29EF82C57C058001AB77F /* AFSecurityPolicy.h in Headers */ = {isa = PBXBuildFile; fileRef = 63E29EBA2C57C058001AB77F /* AFSecurityPolicy.h */; };
		63E29EF92C57C058001AB77F /* AFNetworkReachabilityManager.h in Headers */ = {isa = PBXBuildFile; fileRef = 63E29EBB2C57C058001AB77F /* AFNetworkReachabilityManager.h */; };
		63E29EFA2C57C058001AB77F /* AFURLSessionManager.h in Headers */ = {isa = PBXBuildFile; fileRef = 63E29EBC2C57C058001AB77F /* AFURLSessionManager.h */; };
		63E29EFB2C57C058001AB77F /* AFURLRequestSerialization.h in Headers */ = {isa = PBXBuildFile; fileRef = 63E29EBD2C57C058001AB77F /* AFURLRequestSerialization.h */; };
		63E29EFC2C57C058001AB77F /* AFURLResponseSerialization.m in Sources */ = {isa = PBXBuildFile; fileRef = 63E29EBE2C57C058001AB77F /* AFURLResponseSerialization.m */; };
		63E29EFD2C57C058001AB77F /* AFHTTPSessionManager.m in Sources */ = {isa = PBXBuildFile; fileRef = 63E29EBF2C57C058001AB77F /* AFHTTPSessionManager.m */; };
		63E29EFE2C57C058001AB77F /* AFURLResponseSerialization.h in Headers */ = {isa = PBXBuildFile; fileRef = 63E29EC02C57C058001AB77F /* AFURLResponseSerialization.h */; };
		63E29EFF2C57C058001AB77F /* AFURLSessionManager.m in Sources */ = {isa = PBXBuildFile; fileRef = 63E29EC12C57C058001AB77F /* AFURLSessionManager.m */; };
		63E29F002C57C058001AB77F /* AFURLRequestSerialization.m in Sources */ = {isa = PBXBuildFile; fileRef = 63E29EC22C57C058001AB77F /* AFURLRequestSerialization.m */; };
		63E29F012C57C058001AB77F /* AFNetworking.h in Headers */ = {isa = PBXBuildFile; fileRef = 63E29EC32C57C058001AB77F /* AFNetworking.h */; };
		63E29F022C57C058001AB77F /* AFNetworkReachabilityManager.m in Sources */ = {isa = PBXBuildFile; fileRef = 63E29EC42C57C058001AB77F /* AFNetworkReachabilityManager.m */; };
		63E29F032C57C058001AB77F /* AFSecurityPolicy.m in Sources */ = {isa = PBXBuildFile; fileRef = 63E29EC52C57C058001AB77F /* AFSecurityPolicy.m */; };
		63E29F042C57C058001AB77F /* AFHTTPSessionManager.h in Headers */ = {isa = PBXBuildFile; fileRef = 63E29EC62C57C058001AB77F /* AFHTTPSessionManager.h */; };
		63E29F052C57C058001AB77F /* MBProgressHUD.m in Sources */ = {isa = PBXBuildFile; fileRef = 63E29EC82C57C058001AB77F /* MBProgressHUD.m */; };
		63E29F062C57C058001AB77F /* MBProgressHUD+NJ.m in Sources */ = {isa = PBXBuildFile; fileRef = 63E29EC92C57C058001AB77F /* MBProgressHUD+NJ.m */; };
		63E29F072C57C058001AB77F /* MBProgressHUD.h in Headers */ = {isa = PBXBuildFile; fileRef = 63E29ECA2C57C058001AB77F /* MBProgressHUD.h */; };
		63E29F082C57C058001AB77F /* MBProgressHUD+NJ.h in Headers */ = {isa = PBXBuildFile; fileRef = 63E29ECB2C57C058001AB77F /* MBProgressHUD+NJ.h */; };
		63E29F092C57C058001AB77F /* WX_NongShiFu123.h in Headers */ = {isa = PBXBuildFile; fileRef = 63E29ECC2C57C058001AB77F /* WX_NongShiFu123.h */; };
		63E29F0A2C57C058001AB77F /* main.m in Sources */ = {isa = PBXBuildFile; fileRef = 63E29ECD2C57C058001AB77F /* main.m */; };
		63E29F0B2C57C058001AB77F /* SCLSwitchView.h in Headers */ = {isa = PBXBuildFile; fileRef = 63E29ECF2C57C058001AB77F /* SCLSwitchView.h */; };
		63E29F0C2C57C058001AB77F /* SCLTimerDisplay.m in Sources */ = {isa = PBXBuildFile; fileRef = 63E29ED02C57C058001AB77F /* SCLTimerDisplay.m */; };
		63E29F0D2C57C058001AB77F /* SCLButton.h in Headers */ = {isa = PBXBuildFile; fileRef = 63E29ED12C57C058001AB77F /* SCLButton.h */; };
		63E29F0E2C57C058001AB77F /* SCLAlertViewStyleKit.m in Sources */ = {isa = PBXBuildFile; fileRef = 63E29ED22C57C058001AB77F /* SCLAlertViewStyleKit.m */; };
		63E29F0F2C57C058001AB77F /* SCLMacros.h in Headers */ = {isa = PBXBuildFile; fileRef = 63E29ED32C57C058001AB77F /* SCLMacros.h */; };
		63E29F102C57C058001AB77F /* UIImage+ImageEffects.h in Headers */ = {isa = PBXBuildFile; fileRef = 63E29ED42C57C058001AB77F /* UIImage+ImageEffects.h */; };
		63E29F112C57C058001AB77F /* SCLAlertView.h in Headers */ = {isa = PBXBuildFile; fileRef = 63E29ED52C57C058001AB77F /* SCLAlertView.h */; };
		63E29F122C57C058001AB77F /* SCLAlertViewResponder.m in Sources */ = {isa = PBXBuildFile; fileRef = 63E29ED62C57C058001AB77F /* SCLAlertViewResponder.m */; };
		63E29F132C57C058001AB77F /* SCLTextView.m in Sources */ = {isa = PBXBuildFile; fileRef = 63E29ED72C57C058001AB77F /* SCLTextView.m */; };
		63E29F142C57C058001AB77F /* SCLSwitchView.m in Sources */ = {isa = PBXBuildFile; fileRef = 63E29ED82C57C058001AB77F /* SCLSwitchView.m */; };
		63E29F152C57C058001AB77F /* SCLAlertViewStyleKit.h in Headers */ = {isa = PBXBuildFile; fileRef = 63E29ED92C57C058001AB77F /* SCLAlertViewStyleKit.h */; };
		63E29F162C57C058001AB77F /* SCLButton.m in Sources */ = {isa = PBXBuildFile; fileRef = 63E29EDA2C57C058001AB77F /* SCLButton.m */; };
		63E29F172C57C058001AB77F /* SCLTimerDisplay.h in Headers */ = {isa = PBXBuildFile; fileRef = 63E29EDB2C57C058001AB77F /* SCLTimerDisplay.h */; };
		63E29F182C57C058001AB77F /* UIImage+ImageEffects.m in Sources */ = {isa = PBXBuildFile; fileRef = 63E29EDC2C57C058001AB77F /* UIImage+ImageEffects.m */; };
		63E29F192C57C058001AB77F /* SCLTextView.h in Headers */ = {isa = PBXBuildFile; fileRef = 63E29EDD2C57C058001AB77F /* SCLTextView.h */; };
		63E29F1A2C57C058001AB77F /* SCLAlertViewResponder.h in Headers */ = {isa = PBXBuildFile; fileRef = 63E29EDE2C57C058001AB77F /* SCLAlertViewResponder.h */; };
		63E29F1B2C57C058001AB77F /* SCLAlertView.m in Sources */ = {isa = PBXBuildFile; fileRef = 63E29EDF2C57C058001AB77F /* SCLAlertView.m */; };
		7A16AAFE28165B5D0066810D /* pubg_offset.h in Headers */ = {isa = PBXBuildFile; fileRef = 7A16AAFD28165B5D0066810D /* pubg_offset.h */; };
		7A16AB0028165C980066810D /* module_tools.cpp in Sources */ = {isa = PBXBuildFile; fileRef = 7A16AAFF28165C980066810D /* module_tools.cpp */; };
		7A16AB03281664AF0066810D /* memory_tools.cpp in Sources */ = {isa = PBXBuildFile; fileRef = 7A16AB01281664AF0066810D /* memory_tools.cpp */; };
		7A16AB04281664AF0066810D /* memory_tools.h in Headers */ = {isa = PBXBuildFile; fileRef = 7A16AB02281664AF0066810D /* memory_tools.h */; };
		7A16AB382817FDF10066810D /* log.mm in Sources */ = {isa = PBXBuildFile; fileRef = 7A16AB362817FDF10066810D /* log.mm */; };
		7A16AB392817FDF10066810D /* log.h in Headers */ = {isa = PBXBuildFile; fileRef = 7A16AB372817FDF10066810D /* log.h */; };
		7ACE2C5428155216001CC0F9 /* dolphins.h in Headers */ = {isa = PBXBuildFile; fileRef = 7ACE2C1028154406001CC0F9 /* dolphins.h */; };
		7ACE2C642815522B001CC0F9 /* imstb_truetype.h in Headers */ = {isa = PBXBuildFile; fileRef = 7ACE2C552815522B001CC0F9 /* imstb_truetype.h */; };
		7ACE2C652815522B001CC0F9 /* imgui.cpp in Sources */ = {isa = PBXBuildFile; fileRef = 7ACE2C562815522B001CC0F9 /* imgui.cpp */; };
		7ACE2C662815522B001CC0F9 /* imconfig.h in Headers */ = {isa = PBXBuildFile; fileRef = 7ACE2C572815522B001CC0F9 /* imconfig.h */; };
		7ACE2C682815522B001CC0F9 /* imgui_demo.cpp in Sources */ = {isa = PBXBuildFile; fileRef = 7ACE2C592815522B001CC0F9 /* imgui_demo.cpp */; };
		7ACE2C692815522B001CC0F9 /* imgui.h in Headers */ = {isa = PBXBuildFile; fileRef = 7ACE2C5A2815522B001CC0F9 /* imgui.h */; };
		7ACE2C6A2815522B001CC0F9 /* imgui_draw.cpp in Sources */ = {isa = PBXBuildFile; fileRef = 7ACE2C5B2815522B001CC0F9 /* imgui_draw.cpp */; };
		7ACE2C6B2815522B001CC0F9 /* imstb_textedit.h in Headers */ = {isa = PBXBuildFile; fileRef = 7ACE2C5C2815522B001CC0F9 /* imstb_textedit.h */; };
		7ACE2C6C2815522B001CC0F9 /* imgui_impl_metal.mm in Sources */ = {isa = PBXBuildFile; fileRef = 7ACE2C5D2815522B001CC0F9 /* imgui_impl_metal.mm */; };
		7ACE2C6D2815522B001CC0F9 /* imgui_tables.cpp in Sources */ = {isa = PBXBuildFile; fileRef = 7ACE2C5E2815522B001CC0F9 /* imgui_tables.cpp */; };
		7ACE2C6E2815522B001CC0F9 /* imgui_widgets.cpp in Sources */ = {isa = PBXBuildFile; fileRef = 7ACE2C5F2815522B001CC0F9 /* imgui_widgets.cpp */; };
		7ACE2C6F2815522B001CC0F9 /* imgui_impl_metal.h in Headers */ = {isa = PBXBuildFile; fileRef = 7ACE2C602815522B001CC0F9 /* imgui_impl_metal.h */; };
		7ACE2C702815522B001CC0F9 /* imstb_rectpack.h in Headers */ = {isa = PBXBuildFile; fileRef = 7ACE2C612815522B001CC0F9 /* imstb_rectpack.h */; };
		7ACE2C722815522B001CC0F9 /* imgui_internal.h in Headers */ = {isa = PBXBuildFile; fileRef = 7ACE2C632815522B001CC0F9 /* imgui_internal.h */; };
		7ACE2C7628155234001CC0F9 /* UIView+YYAdd.m in Sources */ = {isa = PBXBuildFile; fileRef = 7ACE2C7328155234001CC0F9 /* UIView+YYAdd.m */; };
		7ACE2C7728155234001CC0F9 /* YYCategoriesMacro.h in Headers */ = {isa = PBXBuildFile; fileRef = 7ACE2C7428155234001CC0F9 /* YYCategoriesMacro.h */; };
		7ACE2C7828155234001CC0F9 /* UIView+YYAdd.h in Headers */ = {isa = PBXBuildFile; fileRef = 7ACE2C7528155234001CC0F9 /* UIView+YYAdd.h */; };
		7ACE2C7D28155243001CC0F9 /* OverlayView.h in Headers */ = {isa = PBXBuildFile; fileRef = 7ACE2C7928155243001CC0F9 /* OverlayView.h */; };
		7ACE2C7E28155243001CC0F9 /* FloatView.h in Headers */ = {isa = PBXBuildFile; fileRef = 7ACE2C7A28155243001CC0F9 /* FloatView.h */; };
		7ACE2C7F28155243001CC0F9 /* OverlayView.mm in Sources */ = {isa = PBXBuildFile; fileRef = 7ACE2C7B28155243001CC0F9 /* OverlayView.mm */; };
		7ACE2C8028155243001CC0F9 /* FloatView.mm in Sources */ = {isa = PBXBuildFile; fileRef = 7ACE2C7C28155243001CC0F9 /* FloatView.mm */; };
		7ACE2C8428155461001CC0F9 /* MetalKit.framework in Frameworks */ = {isa = PBXBuildFile; fileRef = 7ACE2C8228155461001CC0F9 /* MetalKit.framework */; };
		7ACE2C8528155461001CC0F9 /* Metal.framework in Frameworks */ = {isa = PBXBuildFile; fileRef = 7ACE2C8328155461001CC0F9 /* Metal.framework */; };
		7ACE2C8A28155479001CC0F9 /* libc.tbd in Frameworks */ = {isa = PBXBuildFile; fileRef = 7ACE2C8828155479001CC0F9 /* libc.tbd */; };
		7ACE2C8B28155479001CC0F9 /* libc++.tbd in Frameworks */ = {isa = PBXBuildFile; fileRef = 7ACE2C8628155479001CC0F9 /* libc++.tbd */; };
		7ACE2C8C28155480001CC0F9 /* Foundation.framework in Frameworks */ = {isa = PBXBuildFile; fileRef = 7ACE2C8928155479001CC0F9 /* Foundation.framework */; };
		7ACE2C8D28155480001CC0F9 /* UIKit.framework in Frameworks */ = {isa = PBXBuildFile; fileRef = 7ACE2C8728155479001CC0F9 /* UIKit.framework */; };
		7ACE2C8F281558C1001CC0F9 /* Dolphins.mm in Sources */ = {isa = PBXBuildFile; fileRef = 7ACE2C1228154406001CC0F9 /* Dolphins.mm */; };
		7ACE2C9128157D77001CC0F9 /* module_tools.h in Headers */ = {isa = PBXBuildFile; fileRef = 7ACE2C90281579D4001CC0F9 /* module_tools.h */; };
		7ACE2C9C2815962A001CC0F9 /* 视图.h in Headers */ = {isa = PBXBuildFile; fileRef = 7ACE2C9A2815962A001CC0F9 /* 视图.h */; };
		7ACE2C9D2815962A001CC0F9 /* 视图.mm in Sources */ = {isa = PBXBuildFile; fileRef = 7ACE2C9B2815962A001CC0F9 /* 视图.mm */; };
		7ACE2CA12815B880001CC0F9 /* 菜单.h in Headers */ = {isa = PBXBuildFile; fileRef = 7ACE2C9F2815B880001CC0F9 /* 菜单.h */; };
		7ACE2CA22815B880001CC0F9 /* 菜单.mm in Sources */ = {isa = PBXBuildFile; fileRef = 7ACE2CA02815B880001CC0F9 /* 菜单.mm */; };
		7ACE2CA62815D110001CC0F9 /* imgui_tools.cpp in Sources */ = {isa = PBXBuildFile; fileRef = 7ACE2CA42815D110001CC0F9 /* imgui_tools.cpp */; };
		7ACE2CA82815D189001CC0F9 /* imgui_tools.h in Headers */ = {isa = PBXBuildFile; fileRef = 7ACE2C9E28159F29001CC0F9 /* imgui_tools.h */; };
		7ACE2CAB2815D7E6001CC0F9 /* ini_rw.h in Headers */ = {isa = PBXBuildFile; fileRef = 7ACE2CA92815D7E6001CC0F9 /* ini_rw.h */; };
		7ACE2CAC2815D7E6001CC0F9 /* ini_rw.cpp in Sources */ = {isa = PBXBuildFile; fileRef = 7ACE2CAA2815D7E6001CC0F9 /* ini_rw.cpp */; };
		7AFE30AE28187F7800C58F95 /* stb_image.cpp in Sources */ = {isa = PBXBuildFile; fileRef = 7AFE30AD28187F7800C58F95 /* stb_image.cpp */; };
		7AFE30B028187F7C00C58F95 /* stb_image.h in Headers */ = {isa = PBXBuildFile; fileRef = 7AFE30AF28187F7C00C58F95 /* stb_image.h */; };
		938D2CA129BDD66100370DA9 /* ZGScreenInfoz.h in Headers */ = {isa = PBXBuildFile; fileRef = 938D2CA029BDD66100370DA9 /* ZGScreenInfoz.h */; };
		BC5D896B282EA3AF006ED83A /* jijia.h in Headers */ = {isa = PBXBuildFile; fileRef = BC5D896A282EA3AF006ED83A /* jijia.h */; };
/* End PBXBuildFile section */

/* Begin PBXFileReference section */
		04B644ED284D08B800376B8A /* libcrypto.a */ = {isa = PBXFileReference; lastKnownFileType = archive.ar; path = libcrypto.a; sourceTree = "<group>"; };
		04B644EE284D08B800376B8A /* libssl.a */ = {isa = PBXFileReference; lastKnownFileType = archive.ar; path = libssl.a; sourceTree = "<group>"; };
		04B644EF284D08B800376B8A /* libdobby.a */ = {isa = PBXFileReference; lastKnownFileType = archive.ar; path = libdobby.a; sourceTree = "<group>"; };
		63E29E1D2C57BED7001AB77F /* ViewController.h */ = {isa = PBXFileReference; fileEncoding = 4; lastKnownFileType = sourcecode.c.h; name = ViewController.h; path = "../text 2/ViewController.h"; sourceTree = "<group>"; };
		63E29E1E2C57BED7001AB77F /* ViewController.mm */ = {isa = PBXFileReference; fileEncoding = 4; lastKnownFileType = sourcecode.cpp.objcpp; name = ViewController.mm; path = "../text 2/ViewController.mm"; sourceTree = "<group>"; };
		63E29E9D2C57C058001AB77F /* Config.h */ = {isa = PBXFileReference; fileEncoding = 4; lastKnownFileType = sourcecode.c.h; path = Config.h; sourceTree = "<group>"; };
		63E29EA72C57C058001AB77F /* NSString+Tools.m */ = {isa = PBXFileReference; fileEncoding = 4; lastKnownFileType = sourcecode.c.objc; path = "NSString+Tools.m"; sourceTree = "<group>"; };
		63E29EA82C57C058001AB77F /* NSDictionary+StichingStringkeyValue.m */ = {isa = PBXFileReference; fileEncoding = 4; lastKnownFileType = sourcecode.c.objc; path = "NSDictionary+StichingStringkeyValue.m"; sourceTree = "<group>"; };
		63E29EA92C57C058001AB77F /* MF_Base64Additions.h */ = {isa = PBXFileReference; fileEncoding = 4; lastKnownFileType = sourcecode.c.h; path = MF_Base64Additions.h; sourceTree = "<group>"; };
		63E29EAA2C57C058001AB77F /* NetWorkingApiClient.h */ = {isa = PBXFileReference; fileEncoding = 4; lastKnownFileType = sourcecode.c.h; path = NetWorkingApiClient.h; sourceTree = "<group>"; };
		63E29EAB2C57C058001AB77F /* DES3Util.h */ = {isa = PBXFileReference; fileEncoding = 4; lastKnownFileType = sourcecode.c.h; path = DES3Util.h; sourceTree = "<group>"; };
		63E29EAC2C57C058001AB77F /* NSString+MD5.h */ = {isa = PBXFileReference; fileEncoding = 4; lastKnownFileType = sourcecode.c.h; path = "NSString+MD5.h"; sourceTree = "<group>"; };
		63E29EAD2C57C058001AB77F /* NSString+URLCode.m */ = {isa = PBXFileReference; fileEncoding = 4; lastKnownFileType = sourcecode.c.objc; path = "NSString+URLCode.m"; sourceTree = "<group>"; };
		63E29EAE2C57C058001AB77F /* getKeychain.h */ = {isa = PBXFileReference; fileEncoding = 4; lastKnownFileType = sourcecode.c.h; path = getKeychain.h; sourceTree = "<group>"; };
		63E29EAF2C57C058001AB77F /* NSString+Tools.h */ = {isa = PBXFileReference; fileEncoding = 4; lastKnownFileType = sourcecode.c.h; path = "NSString+Tools.h"; sourceTree = "<group>"; };
		63E29EB02C57C058001AB77F /* MF_Base64Additions.m */ = {isa = PBXFileReference; fileEncoding = 4; lastKnownFileType = sourcecode.c.objc; path = MF_Base64Additions.m; sourceTree = "<group>"; };
		63E29EB12C57C058001AB77F /* NSDictionary+StichingStringkeyValue.h */ = {isa = PBXFileReference; fileEncoding = 4; lastKnownFileType = sourcecode.c.h; path = "NSDictionary+StichingStringkeyValue.h"; sourceTree = "<group>"; };
		63E29EB22C57C058001AB77F /* NSString+MD5.m */ = {isa = PBXFileReference; fileEncoding = 4; lastKnownFileType = sourcecode.c.objc; path = "NSString+MD5.m"; sourceTree = "<group>"; };
		63E29EB32C57C058001AB77F /* DES3Util.m */ = {isa = PBXFileReference; fileEncoding = 4; lastKnownFileType = sourcecode.c.objc; path = DES3Util.m; sourceTree = "<group>"; };
		63E29EB42C57C058001AB77F /* NetWorkingApiClient.m */ = {isa = PBXFileReference; fileEncoding = 4; lastKnownFileType = sourcecode.c.objc; path = NetWorkingApiClient.m; sourceTree = "<group>"; };
		63E29EB52C57C058001AB77F /* getKeychain.m */ = {isa = PBXFileReference; fileEncoding = 4; lastKnownFileType = sourcecode.c.objc; path = getKeychain.m; sourceTree = "<group>"; };
		63E29EB62C57C058001AB77F /* NSString+URLCode.h */ = {isa = PBXFileReference; fileEncoding = 4; lastKnownFileType = sourcecode.c.h; path = "NSString+URLCode.h"; sourceTree = "<group>"; };
		63E29EB72C57C058001AB77F /* Config.m */ = {isa = PBXFileReference; fileEncoding = 4; lastKnownFileType = sourcecode.c.objc; path = Config.m; sourceTree = "<group>"; };
		63E29EB82C57C058001AB77F /* WX_NongShiFu123.mm */ = {isa = PBXFileReference; fileEncoding = 4; lastKnownFileType = sourcecode.cpp.objcpp; path = WX_NongShiFu123.mm; sourceTree = "<group>"; };
		63E29EBA2C57C058001AB77F /* AFSecurityPolicy.h */ = {isa = PBXFileReference; fileEncoding = 4; lastKnownFileType = sourcecode.c.h; path = AFSecurityPolicy.h; sourceTree = "<group>"; };
		63E29EBB2C57C058001AB77F /* AFNetworkReachabilityManager.h */ = {isa = PBXFileReference; fileEncoding = 4; lastKnownFileType = sourcecode.c.h; path = AFNetworkReachabilityManager.h; sourceTree = "<group>"; };
		63E29EBC2C57C058001AB77F /* AFURLSessionManager.h */ = {isa = PBXFileReference; fileEncoding = 4; lastKnownFileType = sourcecode.c.h; path = AFURLSessionManager.h; sourceTree = "<group>"; };
		63E29EBD2C57C058001AB77F /* AFURLRequestSerialization.h */ = {isa = PBXFileReference; fileEncoding = 4; lastKnownFileType = sourcecode.c.h; path = AFURLRequestSerialization.h; sourceTree = "<group>"; };
		63E29EBE2C57C058001AB77F /* AFURLResponseSerialization.m */ = {isa = PBXFileReference; fileEncoding = 4; lastKnownFileType = sourcecode.c.objc; path = AFURLResponseSerialization.m; sourceTree = "<group>"; };
		63E29EBF2C57C058001AB77F /* AFHTTPSessionManager.m */ = {isa = PBXFileReference; fileEncoding = 4; lastKnownFileType = sourcecode.c.objc; path = AFHTTPSessionManager.m; sourceTree = "<group>"; };
		63E29EC02C57C058001AB77F /* AFURLResponseSerialization.h */ = {isa = PBXFileReference; fileEncoding = 4; lastKnownFileType = sourcecode.c.h; path = AFURLResponseSerialization.h; sourceTree = "<group>"; };
		63E29EC12C57C058001AB77F /* AFURLSessionManager.m */ = {isa = PBXFileReference; fileEncoding = 4; lastKnownFileType = sourcecode.c.objc; path = AFURLSessionManager.m; sourceTree = "<group>"; };
		63E29EC22C57C058001AB77F /* AFURLRequestSerialization.m */ = {isa = PBXFileReference; fileEncoding = 4; lastKnownFileType = sourcecode.c.objc; path = AFURLRequestSerialization.m; sourceTree = "<group>"; };
		63E29EC32C57C058001AB77F /* AFNetworking.h */ = {isa = PBXFileReference; fileEncoding = 4; lastKnownFileType = sourcecode.c.h; path = AFNetworking.h; sourceTree = "<group>"; };
		63E29EC42C57C058001AB77F /* AFNetworkReachabilityManager.m */ = {isa = PBXFileReference; fileEncoding = 4; lastKnownFileType = sourcecode.c.objc; path = AFNetworkReachabilityManager.m; sourceTree = "<group>"; };
		63E29EC52C57C058001AB77F /* AFSecurityPolicy.m */ = {isa = PBXFileReference; fileEncoding = 4; lastKnownFileType = sourcecode.c.objc; path = AFSecurityPolicy.m; sourceTree = "<group>"; };
		63E29EC62C57C058001AB77F /* AFHTTPSessionManager.h */ = {isa = PBXFileReference; fileEncoding = 4; lastKnownFileType = sourcecode.c.h; path = AFHTTPSessionManager.h; sourceTree = "<group>"; };
		63E29EC82C57C058001AB77F /* MBProgressHUD.m */ = {isa = PBXFileReference; fileEncoding = 4; lastKnownFileType = sourcecode.c.objc; path = MBProgressHUD.m; sourceTree = "<group>"; };
		63E29EC92C57C058001AB77F /* MBProgressHUD+NJ.m */ = {isa = PBXFileReference; fileEncoding = 4; lastKnownFileType = sourcecode.c.objc; path = "MBProgressHUD+NJ.m"; sourceTree = "<group>"; };
		63E29ECA2C57C058001AB77F /* MBProgressHUD.h */ = {isa = PBXFileReference; fileEncoding = 4; lastKnownFileType = sourcecode.c.h; path = MBProgressHUD.h; sourceTree = "<group>"; };
		63E29ECB2C57C058001AB77F /* MBProgressHUD+NJ.h */ = {isa = PBXFileReference; fileEncoding = 4; lastKnownFileType = sourcecode.c.h; path = "MBProgressHUD+NJ.h"; sourceTree = "<group>"; };
		63E29ECC2C57C058001AB77F /* WX_NongShiFu123.h */ = {isa = PBXFileReference; fileEncoding = 4; lastKnownFileType = sourcecode.c.h; path = WX_NongShiFu123.h; sourceTree = "<group>"; };
		63E29ECD2C57C058001AB77F /* main.m */ = {isa = PBXFileReference; fileEncoding = 4; lastKnownFileType = sourcecode.c.objc; path = main.m; sourceTree = "<group>"; };
		63E29ECF2C57C058001AB77F /* SCLSwitchView.h */ = {isa = PBXFileReference; fileEncoding = 4; lastKnownFileType = sourcecode.c.h; path = SCLSwitchView.h; sourceTree = "<group>"; };
		63E29ED02C57C058001AB77F /* SCLTimerDisplay.m */ = {isa = PBXFileReference; fileEncoding = 4; lastKnownFileType = sourcecode.c.objc; path = SCLTimerDisplay.m; sourceTree = "<group>"; };
		63E29ED12C57C058001AB77F /* SCLButton.h */ = {isa = PBXFileReference; fileEncoding = 4; lastKnownFileType = sourcecode.c.h; path = SCLButton.h; sourceTree = "<group>"; };
		63E29ED22C57C058001AB77F /* SCLAlertViewStyleKit.m */ = {isa = PBXFileReference; fileEncoding = 4; lastKnownFileType = sourcecode.c.objc; path = SCLAlertViewStyleKit.m; sourceTree = "<group>"; };
		63E29ED32C57C058001AB77F /* SCLMacros.h */ = {isa = PBXFileReference; fileEncoding = 4; lastKnownFileType = sourcecode.c.h; path = SCLMacros.h; sourceTree = "<group>"; };
		63E29ED42C57C058001AB77F /* UIImage+ImageEffects.h */ = {isa = PBXFileReference; fileEncoding = 4; lastKnownFileType = sourcecode.c.h; path = "UIImage+ImageEffects.h"; sourceTree = "<group>"; };
		63E29ED52C57C058001AB77F /* SCLAlertView.h */ = {isa = PBXFileReference; fileEncoding = 4; lastKnownFileType = sourcecode.c.h; path = SCLAlertView.h; sourceTree = "<group>"; };
		63E29ED62C57C058001AB77F /* SCLAlertViewResponder.m */ = {isa = PBXFileReference; fileEncoding = 4; lastKnownFileType = sourcecode.c.objc; path = SCLAlertViewResponder.m; sourceTree = "<group>"; };
		63E29ED72C57C058001AB77F /* SCLTextView.m */ = {isa = PBXFileReference; fileEncoding = 4; lastKnownFileType = sourcecode.c.objc; path = SCLTextView.m; sourceTree = "<group>"; };
		63E29ED82C57C058001AB77F /* SCLSwitchView.m */ = {isa = PBXFileReference; fileEncoding = 4; lastKnownFileType = sourcecode.c.objc; path = SCLSwitchView.m; sourceTree = "<group>"; };
		63E29ED92C57C058001AB77F /* SCLAlertViewStyleKit.h */ = {isa = PBXFileReference; fileEncoding = 4; lastKnownFileType = sourcecode.c.h; path = SCLAlertViewStyleKit.h; sourceTree = "<group>"; };
		63E29EDA2C57C058001AB77F /* SCLButton.m */ = {isa = PBXFileReference; fileEncoding = 4; lastKnownFileType = sourcecode.c.objc; path = SCLButton.m; sourceTree = "<group>"; };
		63E29EDB2C57C058001AB77F /* SCLTimerDisplay.h */ = {isa = PBXFileReference; fileEncoding = 4; lastKnownFileType = sourcecode.c.h; path = SCLTimerDisplay.h; sourceTree = "<group>"; };
		63E29EDC2C57C058001AB77F /* UIImage+ImageEffects.m */ = {isa = PBXFileReference; fileEncoding = 4; lastKnownFileType = sourcecode.c.objc; path = "UIImage+ImageEffects.m"; sourceTree = "<group>"; };
		63E29EDD2C57C058001AB77F /* SCLTextView.h */ = {isa = PBXFileReference; fileEncoding = 4; lastKnownFileType = sourcecode.c.h; path = SCLTextView.h; sourceTree = "<group>"; };
		63E29EDE2C57C058001AB77F /* SCLAlertViewResponder.h */ = {isa = PBXFileReference; fileEncoding = 4; lastKnownFileType = sourcecode.c.h; path = SCLAlertViewResponder.h; sourceTree = "<group>"; };
		63E29EDF2C57C058001AB77F /* SCLAlertView.m */ = {isa = PBXFileReference; fileEncoding = 4; lastKnownFileType = sourcecode.c.objc; path = SCLAlertView.m; sourceTree = "<group>"; };
		7A16AAFD28165B5D0066810D /* pubg_offset.h */ = {isa = PBXFileReference; fileEncoding = 4; lastKnownFileType = sourcecode.c.h; path = pubg_offset.h; sourceTree = "<group>"; };
		7A16AAFF28165C980066810D /* module_tools.cpp */ = {isa = PBXFileReference; lastKnownFileType = sourcecode.cpp.cpp; path = module_tools.cpp; sourceTree = "<group>"; };
		7A16AB01281664AF0066810D /* memory_tools.cpp */ = {isa = PBXFileReference; lastKnownFileType = sourcecode.cpp.cpp; path = memory_tools.cpp; sourceTree = "<group>"; };
		7A16AB02281664AF0066810D /* memory_tools.h */ = {isa = PBXFileReference; lastKnownFileType = sourcecode.c.h; path = memory_tools.h; sourceTree = "<group>"; };
		7A16AB362817FDF10066810D /* log.mm */ = {isa = PBXFileReference; lastKnownFileType = sourcecode.cpp.objcpp; path = log.mm; sourceTree = "<group>"; };
		7A16AB372817FDF10066810D /* log.h */ = {isa = PBXFileReference; lastKnownFileType = sourcecode.c.h; path = log.h; sourceTree = "<group>"; };
		7A9DD83F281B25C500E36A14 /* libdobby.a */ = {isa = PBXFileReference; lastKnownFileType = archive.ar; name = libdobby.a; path = "../../../Downloads/auto-build-output 2/android/armv7/libdobby.a"; sourceTree = "<group>"; };
		7ACE2C0D28154406001CC0F9 /* 猫爱晚.dylib */ = {isa = PBXFileReference; explicitFileType = "compiled.mach-o.dylib"; includeInIndex = 0; path = "猫爱晚.dylib"; sourceTree = BUILT_PRODUCTS_DIR; };
		7ACE2C1028154406001CC0F9 /* dolphins.h */ = {isa = PBXFileReference; lastKnownFileType = sourcecode.c.h; path = dolphins.h; sourceTree = "<group>"; };
		7ACE2C1228154406001CC0F9 /* Dolphins.mm */ = {isa = PBXFileReference; lastKnownFileType = sourcecode.cpp.objcpp; path = Dolphins.mm; sourceTree = "<group>"; };
		7ACE2C552815522B001CC0F9 /* imstb_truetype.h */ = {isa = PBXFileReference; fileEncoding = 4; lastKnownFileType = sourcecode.c.h; path = imstb_truetype.h; sourceTree = "<group>"; };
		7ACE2C562815522B001CC0F9 /* imgui.cpp */ = {isa = PBXFileReference; fileEncoding = 4; lastKnownFileType = sourcecode.cpp.cpp; path = imgui.cpp; sourceTree = "<group>"; };
		7ACE2C572815522B001CC0F9 /* imconfig.h */ = {isa = PBXFileReference; fileEncoding = 4; lastKnownFileType = sourcecode.c.h; path = imconfig.h; sourceTree = "<group>"; };
		7ACE2C592815522B001CC0F9 /* imgui_demo.cpp */ = {isa = PBXFileReference; fileEncoding = 4; lastKnownFileType = sourcecode.cpp.cpp; path = imgui_demo.cpp; sourceTree = "<group>"; };
		7ACE2C5A2815522B001CC0F9 /* imgui.h */ = {isa = PBXFileReference; fileEncoding = 4; lastKnownFileType = sourcecode.c.h; path = imgui.h; sourceTree = "<group>"; };
		7ACE2C5B2815522B001CC0F9 /* imgui_draw.cpp */ = {isa = PBXFileReference; fileEncoding = 4; lastKnownFileType = sourcecode.cpp.cpp; path = imgui_draw.cpp; sourceTree = "<group>"; };
		7ACE2C5C2815522B001CC0F9 /* imstb_textedit.h */ = {isa = PBXFileReference; fileEncoding = 4; lastKnownFileType = sourcecode.c.h; path = imstb_textedit.h; sourceTree = "<group>"; };
		7ACE2C5D2815522B001CC0F9 /* imgui_impl_metal.mm */ = {isa = PBXFileReference; fileEncoding = 4; lastKnownFileType = sourcecode.cpp.objcpp; path = imgui_impl_metal.mm; sourceTree = "<group>"; };
		7ACE2C5E2815522B001CC0F9 /* imgui_tables.cpp */ = {isa = PBXFileReference; fileEncoding = 4; lastKnownFileType = sourcecode.cpp.cpp; path = imgui_tables.cpp; sourceTree = "<group>"; };
		7ACE2C5F2815522B001CC0F9 /* imgui_widgets.cpp */ = {isa = PBXFileReference; fileEncoding = 4; lastKnownFileType = sourcecode.cpp.cpp; path = imgui_widgets.cpp; sourceTree = "<group>"; };
		7ACE2C602815522B001CC0F9 /* imgui_impl_metal.h */ = {isa = PBXFileReference; fileEncoding = 4; lastKnownFileType = sourcecode.c.h; path = imgui_impl_metal.h; sourceTree = "<group>"; };
		7ACE2C612815522B001CC0F9 /* imstb_rectpack.h */ = {isa = PBXFileReference; fileEncoding = 4; lastKnownFileType = sourcecode.c.h; path = imstb_rectpack.h; sourceTree = "<group>"; };
		7ACE2C632815522B001CC0F9 /* imgui_internal.h */ = {isa = PBXFileReference; fileEncoding = 4; lastKnownFileType = sourcecode.c.h; path = imgui_internal.h; sourceTree = "<group>"; };
		7ACE2C7328155234001CC0F9 /* UIView+YYAdd.m */ = {isa = PBXFileReference; fileEncoding = 4; lastKnownFileType = sourcecode.c.objc; path = "UIView+YYAdd.m"; sourceTree = "<group>"; };
		7ACE2C7428155234001CC0F9 /* YYCategoriesMacro.h */ = {isa = PBXFileReference; fileEncoding = 4; lastKnownFileType = sourcecode.c.h; path = YYCategoriesMacro.h; sourceTree = "<group>"; };
		7ACE2C7528155234001CC0F9 /* UIView+YYAdd.h */ = {isa = PBXFileReference; fileEncoding = 4; lastKnownFileType = sourcecode.c.h; path = "UIView+YYAdd.h"; sourceTree = "<group>"; };
		7ACE2C7928155243001CC0F9 /* OverlayView.h */ = {isa = PBXFileReference; fileEncoding = 4; lastKnownFileType = sourcecode.c.h; path = OverlayView.h; sourceTree = "<group>"; };
		7ACE2C7A28155243001CC0F9 /* FloatView.h */ = {isa = PBXFileReference; fileEncoding = 4; lastKnownFileType = sourcecode.c.h; path = FloatView.h; sourceTree = "<group>"; };
		7ACE2C7B28155243001CC0F9 /* OverlayView.mm */ = {isa = PBXFileReference; fileEncoding = 4; lastKnownFileType = sourcecode.cpp.objcpp; path = OverlayView.mm; sourceTree = "<group>"; };
		7ACE2C7C28155243001CC0F9 /* FloatView.mm */ = {isa = PBXFileReference; fileEncoding = 4; lastKnownFileType = sourcecode.cpp.objcpp; path = FloatView.mm; sourceTree = "<group>"; };
		7ACE2C8228155461001CC0F9 /* MetalKit.framework */ = {isa = PBXFileReference; lastKnownFileType = wrapper.framework; name = MetalKit.framework; path = System/Library/Frameworks/MetalKit.framework; sourceTree = SDKROOT; };
		7ACE2C8328155461001CC0F9 /* Metal.framework */ = {isa = PBXFileReference; lastKnownFileType = wrapper.framework; name = Metal.framework; path = System/Library/Frameworks/Metal.framework; sourceTree = SDKROOT; };
		7ACE2C8628155479001CC0F9 /* libc++.tbd */ = {isa = PBXFileReference; lastKnownFileType = "sourcecode.text-based-dylib-definition"; name = "libc++.tbd"; path = "usr/lib/libc++.tbd"; sourceTree = SDKROOT; };
		7ACE2C8728155479001CC0F9 /* UIKit.framework */ = {isa = PBXFileReference; lastKnownFileType = wrapper.framework; name = UIKit.framework; path = System/Library/Frameworks/UIKit.framework; sourceTree = SDKROOT; };
		7ACE2C8828155479001CC0F9 /* libc.tbd */ = {isa = PBXFileReference; lastKnownFileType = "sourcecode.text-based-dylib-definition"; name = libc.tbd; path = usr/lib/libc.tbd; sourceTree = SDKROOT; };
		7ACE2C8928155479001CC0F9 /* Foundation.framework */ = {isa = PBXFileReference; lastKnownFileType = wrapper.framework; name = Foundation.framework; path = System/Library/Frameworks/Foundation.framework; sourceTree = SDKROOT; };
		7ACE2C90281579D4001CC0F9 /* module_tools.h */ = {isa = PBXFileReference; lastKnownFileType = sourcecode.c.h; path = module_tools.h; sourceTree = "<group>"; };
		7ACE2C9A2815962A001CC0F9 /* 视图.h */ = {isa = PBXFileReference; lastKnownFileType = sourcecode.c.h; path = "视图.h"; sourceTree = "<group>"; };
		7ACE2C9B2815962A001CC0F9 /* 视图.mm */ = {isa = PBXFileReference; lastKnownFileType = sourcecode.cpp.objcpp; path = "视图.mm"; sourceTree = "<group>"; };
		7ACE2C9E28159F29001CC0F9 /* imgui_tools.h */ = {isa = PBXFileReference; lastKnownFileType = sourcecode.c.h; path = imgui_tools.h; sourceTree = "<group>"; };
		7ACE2C9F2815B880001CC0F9 /* 菜单.h */ = {isa = PBXFileReference; lastKnownFileType = sourcecode.c.h; path = "菜单.h"; sourceTree = "<group>"; };
		7ACE2CA02815B880001CC0F9 /* 菜单.mm */ = {isa = PBXFileReference; lastKnownFileType = sourcecode.cpp.objcpp; path = "菜单.mm"; sourceTree = "<group>"; };
		7ACE2CA42815D110001CC0F9 /* imgui_tools.cpp */ = {isa = PBXFileReference; lastKnownFileType = sourcecode.cpp.cpp; path = imgui_tools.cpp; sourceTree = "<group>"; };
		7ACE2CA92815D7E6001CC0F9 /* ini_rw.h */ = {isa = PBXFileReference; fileEncoding = 4; lastKnownFileType = sourcecode.c.h; path = ini_rw.h; sourceTree = "<group>"; };
		7ACE2CAA2815D7E6001CC0F9 /* ini_rw.cpp */ = {isa = PBXFileReference; fileEncoding = 4; lastKnownFileType = sourcecode.cpp.cpp; path = ini_rw.cpp; sourceTree = "<group>"; };
		7AFE30AD28187F7800C58F95 /* stb_image.cpp */ = {isa = PBXFileReference; fileEncoding = 4; lastKnownFileType = sourcecode.cpp.cpp; path = stb_image.cpp; sourceTree = "<group>"; };
		7AFE30AF28187F7C00C58F95 /* stb_image.h */ = {isa = PBXFileReference; fileEncoding = 4; lastKnownFileType = sourcecode.c.h; path = stb_image.h; sourceTree = "<group>"; };
		7AFE30B52819105500C58F95 /* image_base64.h */ = {isa = PBXFileReference; lastKnownFileType = sourcecode.c.h; path = image_base64.h; sourceTree = "<group>"; };
		938D2CA029BDD66100370DA9 /* ZGScreenInfoz.h */ = {isa = PBXFileReference; fileEncoding = 4; lastKnownFileType = sourcecode.c.h; path = ZGScreenInfoz.h; sourceTree = "<group>"; };
		BC5D896A282EA3AF006ED83A /* jijia.h */ = {isa = PBXFileReference; fileEncoding = 4; lastKnownFileType = sourcecode.c.h; path = jijia.h; sourceTree = "<group>"; };
/* End PBXFileReference section */

/* Begin PBXFrameworksBuildPhase section */
		7ACE2C0B28154406001CC0F9 /* Frameworks */ = {
			isa = PBXFrameworksBuildPhase;
			buildActionMask = 2147483647;
			files = (
				04B644F1284D08B800376B8A /* libssl.a in Frameworks */,
				7ACE2C8C28155480001CC0F9 /* Foundation.framework in Frameworks */,
				04B644F2284D08B800376B8A /* libdobby.a in Frameworks */,
				7ACE2C8D28155480001CC0F9 /* UIKit.framework in Frameworks */,
				7ACE2C8528155461001CC0F9 /* Metal.framework in Frameworks */,
				7ACE2C8A28155479001CC0F9 /* libc.tbd in Frameworks */,
				7ACE2C8B28155479001CC0F9 /* libc++.tbd in Frameworks */,
				7ACE2C8428155461001CC0F9 /* MetalKit.framework in Frameworks */,
				04B644F0284D08B800376B8A /* libcrypto.a in Frameworks */,
			);
			runOnlyForDeploymentPostprocessing = 0;
		};
/* End PBXFrameworksBuildPhase section */

/* Begin PBXGroup section */
		04B644EC284D08B800376B8A /* lib */ = {
			isa = PBXGroup;
			children = (
				04B644ED284D08B800376B8A /* libcrypto.a */,
				04B644EE284D08B800376B8A /* libssl.a */,
				04B644EF284D08B800376B8A /* libdobby.a */,
			);
			name = lib;
			path = Dolphins/lib;
			sourceTree = "<group>";
		};
		63E29E982C57C058001AB77F /* Bsphp-des3_vi-UDID-main 2 */ = {
			isa = PBXGroup;
			children = (
				63E29E9D2C57C058001AB77F /* Config.h */,
				63E29EA52C57C058001AB77F /* Bsphp */,
				63E29ECD2C57C058001AB77F /* main.m */,
				63E29ECE2C57C058001AB77F /* SCLAlertView */,
			);
			path = "Bsphp-des3_vi-UDID-main 2";
			sourceTree = "<group>";
		};
		63E29EA52C57C058001AB77F /* Bsphp */ = {
			isa = PBXGroup;
			children = (
				63E29EA62C57C058001AB77F /* bsphp */,
				63E29EB72C57C058001AB77F /* Config.m */,
				63E29EB82C57C058001AB77F /* WX_NongShiFu123.mm */,
				63E29EB92C57C058001AB77F /* AFNetworking */,
				63E29EC72C57C058001AB77F /* MBProgressHUD */,
				63E29ECC2C57C058001AB77F /* WX_NongShiFu123.h */,
			);
			path = Bsphp;
			sourceTree = "<group>";
		};
		63E29EA62C57C058001AB77F /* bsphp */ = {
			isa = PBXGroup;
			children = (
				63E29EA72C57C058001AB77F /* NSString+Tools.m */,
				63E29EA82C57C058001AB77F /* NSDictionary+StichingStringkeyValue.m */,
				63E29EA92C57C058001AB77F /* MF_Base64Additions.h */,
				63E29EAA2C57C058001AB77F /* NetWorkingApiClient.h */,
				63E29EAB2C57C058001AB77F /* DES3Util.h */,
				63E29EAC2C57C058001AB77F /* NSString+MD5.h */,
				63E29EAD2C57C058001AB77F /* NSString+URLCode.m */,
				63E29EAE2C57C058001AB77F /* getKeychain.h */,
				63E29EAF2C57C058001AB77F /* NSString+Tools.h */,
				63E29EB02C57C058001AB77F /* MF_Base64Additions.m */,
				63E29EB12C57C058001AB77F /* NSDictionary+StichingStringkeyValue.h */,
				63E29EB22C57C058001AB77F /* NSString+MD5.m */,
				63E29EB32C57C058001AB77F /* DES3Util.m */,
				63E29EB42C57C058001AB77F /* NetWorkingApiClient.m */,
				63E29EB52C57C058001AB77F /* getKeychain.m */,
				63E29EB62C57C058001AB77F /* NSString+URLCode.h */,
			);
			path = bsphp;
			sourceTree = "<group>";
		};
		63E29EB92C57C058001AB77F /* AFNetworking */ = {
			isa = PBXGroup;
			children = (
				63E29EBA2C57C058001AB77F /* AFSecurityPolicy.h */,
				63E29EBB2C57C058001AB77F /* AFNetworkReachabilityManager.h */,
				63E29EBC2C57C058001AB77F /* AFURLSessionManager.h */,
				63E29EBD2C57C058001AB77F /* AFURLRequestSerialization.h */,
				63E29EBE2C57C058001AB77F /* AFURLResponseSerialization.m */,
				63E29EBF2C57C058001AB77F /* AFHTTPSessionManager.m */,
				63E29EC02C57C058001AB77F /* AFURLResponseSerialization.h */,
				63E29EC12C57C058001AB77F /* AFURLSessionManager.m */,
				63E29EC22C57C058001AB77F /* AFURLRequestSerialization.m */,
				63E29EC32C57C058001AB77F /* AFNetworking.h */,
				63E29EC42C57C058001AB77F /* AFNetworkReachabilityManager.m */,
				63E29EC52C57C058001AB77F /* AFSecurityPolicy.m */,
				63E29EC62C57C058001AB77F /* AFHTTPSessionManager.h */,
			);
			path = AFNetworking;
			sourceTree = "<group>";
		};
		63E29EC72C57C058001AB77F /* MBProgressHUD */ = {
			isa = PBXGroup;
			children = (
				63E29EC82C57C058001AB77F /* MBProgressHUD.m */,
				63E29EC92C57C058001AB77F /* MBProgressHUD+NJ.m */,
				63E29ECA2C57C058001AB77F /* MBProgressHUD.h */,
				63E29ECB2C57C058001AB77F /* MBProgressHUD+NJ.h */,
			);
			path = MBProgressHUD;
			sourceTree = "<group>";
		};
		63E29ECE2C57C058001AB77F /* SCLAlertView */ = {
			isa = PBXGroup;
			children = (
				63E29ECF2C57C058001AB77F /* SCLSwitchView.h */,
				63E29ED02C57C058001AB77F /* SCLTimerDisplay.m */,
				63E29ED12C57C058001AB77F /* SCLButton.h */,
				63E29ED22C57C058001AB77F /* SCLAlertViewStyleKit.m */,
				63E29ED32C57C058001AB77F /* SCLMacros.h */,
				63E29ED42C57C058001AB77F /* UIImage+ImageEffects.h */,
				63E29ED52C57C058001AB77F /* SCLAlertView.h */,
				63E29ED62C57C058001AB77F /* SCLAlertViewResponder.m */,
				63E29ED72C57C058001AB77F /* SCLTextView.m */,
				63E29ED82C57C058001AB77F /* SCLSwitchView.m */,
				63E29ED92C57C058001AB77F /* SCLAlertViewStyleKit.h */,
				63E29EDA2C57C058001AB77F /* SCLButton.m */,
				63E29EDB2C57C058001AB77F /* SCLTimerDisplay.h */,
				63E29EDC2C57C058001AB77F /* UIImage+ImageEffects.m */,
				63E29EDD2C57C058001AB77F /* SCLTextView.h */,
				63E29EDE2C57C058001AB77F /* SCLAlertViewResponder.h */,
				63E29EDF2C57C058001AB77F /* SCLAlertView.m */,
			);
			path = SCLAlertView;
			sourceTree = "<group>";
		};
		7ACE2C0428154406001CC0F9 = {
			isa = PBXGroup;
			children = (
				63E29E982C57C058001AB77F /* Bsphp-des3_vi-UDID-main 2 */,
				63E29E1D2C57BED7001AB77F /* ViewController.h */,
				63E29E1E2C57BED7001AB77F /* ViewController.mm */,
				04B644EC284D08B800376B8A /* lib */,
				7ACE2C0F28154406001CC0F9 /* Dolphins */,
				7ACE2C8128155461001CC0F9 /* Frameworks */,
				7ACE2C0E28154406001CC0F9 /* Products */,
			);
			sourceTree = "<group>";
		};
		7ACE2C0E28154406001CC0F9 /* Products */ = {
			isa = PBXGroup;
			children = (
				7ACE2C0D28154406001CC0F9 /* 猫爱晚.dylib */,
			);
			name = Products;
			sourceTree = "<group>";
		};
		7ACE2C0F28154406001CC0F9 /* Dolphins */ = {
			isa = PBXGroup;
			children = (
				7ACE2CA32815D0CE001CC0F9 /* utils */,
				7ACE2C2928154542001CC0F9 /* imgui */,
				7ACE2C9428158F88001CC0F9 /* Module */,
				7ACE2C1928154471001CC0F9 /* View */,
				7ACE2C1028154406001CC0F9 /* dolphins.h */,
				7ACE2C1228154406001CC0F9 /* Dolphins.mm */,
			);
			path = Dolphins;
			sourceTree = "<group>";
		};
		7ACE2C1928154471001CC0F9 /* View */ = {
			isa = PBXGroup;
			children = (
				7ACE2C2228154496001CC0F9 /* CustomView */,
				7ACE2C7928155243001CC0F9 /* OverlayView.h */,
				7ACE2C7B28155243001CC0F9 /* OverlayView.mm */,
				7ACE2C7A28155243001CC0F9 /* FloatView.h */,
				7ACE2C7C28155243001CC0F9 /* FloatView.mm */,
			);
			path = View;
			sourceTree = "<group>";
		};
		7ACE2C2228154496001CC0F9 /* CustomView */ = {
			isa = PBXGroup;
			children = (
				7ACE2C7528155234001CC0F9 /* UIView+YYAdd.h */,
				7ACE2C7328155234001CC0F9 /* UIView+YYAdd.m */,
				7ACE2C7428155234001CC0F9 /* YYCategoriesMacro.h */,
			);
			path = CustomView;
			sourceTree = "<group>";
		};
		7ACE2C2928154542001CC0F9 /* imgui */ = {
			isa = PBXGroup;
			children = (
				7ACE2C572815522B001CC0F9 /* imconfig.h */,
				7ACE2C592815522B001CC0F9 /* imgui_demo.cpp */,
				7ACE2C5B2815522B001CC0F9 /* imgui_draw.cpp */,
				7ACE2C602815522B001CC0F9 /* imgui_impl_metal.h */,
				7ACE2C5D2815522B001CC0F9 /* imgui_impl_metal.mm */,
				7ACE2C632815522B001CC0F9 /* imgui_internal.h */,
				7ACE2C5E2815522B001CC0F9 /* imgui_tables.cpp */,
				7ACE2C5F2815522B001CC0F9 /* imgui_widgets.cpp */,
				7ACE2C562815522B001CC0F9 /* imgui.cpp */,
				7ACE2C5A2815522B001CC0F9 /* imgui.h */,
				7ACE2C612815522B001CC0F9 /* imstb_rectpack.h */,
				7ACE2C5C2815522B001CC0F9 /* imstb_textedit.h */,
				7ACE2C552815522B001CC0F9 /* imstb_truetype.h */,
			);
			path = imgui;
			sourceTree = "<group>";
		};
		7ACE2C8128155461001CC0F9 /* Frameworks */ = {
			isa = PBXGroup;
			children = (
				7A9DD83F281B25C500E36A14 /* libdobby.a */,
				7ACE2C8328155461001CC0F9 /* Metal.framework */,
				7ACE2C8228155461001CC0F9 /* MetalKit.framework */,
				7ACE2C8928155479001CC0F9 /* Foundation.framework */,
				7ACE2C8828155479001CC0F9 /* libc.tbd */,
				7ACE2C8628155479001CC0F9 /* libc++.tbd */,
				7ACE2C8728155479001CC0F9 /* UIKit.framework */,
			);
			name = Frameworks;
			sourceTree = "<group>";
		};
		7ACE2C9428158F88001CC0F9 /* Module */ = {
			isa = PBXGroup;
			children = (
				7ACE2C9A2815962A001CC0F9 /* 视图.h */,
				7ACE2C9B2815962A001CC0F9 /* 视图.mm */,
				7ACE2C9F2815B880001CC0F9 /* 菜单.h */,
				7ACE2CA02815B880001CC0F9 /* 菜单.mm */,
			);
			path = Module;
			sourceTree = "<group>";
		};
		7ACE2CA32815D0CE001CC0F9 /* utils */ = {
			isa = PBXGroup;
			children = (
				938D2CA029BDD66100370DA9 /* ZGScreenInfoz.h */,
				7A16AAFD28165B5D0066810D /* pubg_offset.h */,
				7ACE2C90281579D4001CC0F9 /* module_tools.h */,
				7A16AAFF28165C980066810D /* module_tools.cpp */,
				7ACE2C9E28159F29001CC0F9 /* imgui_tools.h */,
				7ACE2CA42815D110001CC0F9 /* imgui_tools.cpp */,
				7ACE2CA92815D7E6001CC0F9 /* ini_rw.h */,
				7ACE2CAA2815D7E6001CC0F9 /* ini_rw.cpp */,
				7A16AB02281664AF0066810D /* memory_tools.h */,
				7A16AB01281664AF0066810D /* memory_tools.cpp */,
				7AFE30AD28187F7800C58F95 /* stb_image.cpp */,
				7AFE30AF28187F7C00C58F95 /* stb_image.h */,
				7A16AB362817FDF10066810D /* log.mm */,
				7A16AB372817FDF10066810D /* log.h */,
				7AFE30B52819105500C58F95 /* image_base64.h */,
				BC5D896A282EA3AF006ED83A /* jijia.h */,
			);
			path = utils;
			sourceTree = "<group>";
		};
/* End PBXGroup section */

/* Begin PBXHeadersBuildPhase section */
		7ACE2C0928154406001CC0F9 /* Headers */ = {
			isa = PBXHeadersBuildPhase;
			buildActionMask = 2147483647;
			files = (
				63E29F152C57C058001AB77F /* SCLAlertViewStyleKit.h in Headers */,
				7ACE2C692815522B001CC0F9 /* imgui.h in Headers */,
				63E29EE82C57C058001AB77F /* MF_Base64Additions.h in Headers */,
				63E29EEA2C57C058001AB77F /* DES3Util.h in Headers */,
				7ACE2C662815522B001CC0F9 /* imconfig.h in Headers */,
				7ACE2C722815522B001CC0F9 /* imgui_internal.h in Headers */,
				7A16AB392817FDF10066810D /* log.h in Headers */,
				63E29EFA2C57C058001AB77F /* AFURLSessionManager.h in Headers */,
				7ACE2C642815522B001CC0F9 /* imstb_truetype.h in Headers */,
				63E29F0B2C57C058001AB77F /* SCLSwitchView.h in Headers */,
				63E29E1F2C57BED7001AB77F /* ViewController.h in Headers */,
				63E29F042C57C058001AB77F /* AFHTTPSessionManager.h in Headers */,
				63E29F072C57C058001AB77F /* MBProgressHUD.h in Headers */,
				7ACE2C702815522B001CC0F9 /* imstb_rectpack.h in Headers */,
				63E29EF92C57C058001AB77F /* AFNetworkReachabilityManager.h in Headers */,
				7ACE2CA12815B880001CC0F9 /* 菜单.h in Headers */,
				63E29EFB2C57C058001AB77F /* AFURLRequestSerialization.h in Headers */,
				7ACE2C6B2815522B001CC0F9 /* imstb_textedit.h in Headers */,
				63E29EF82C57C058001AB77F /* AFSecurityPolicy.h in Headers */,
				63E29EF52C57C058001AB77F /* NSString+URLCode.h in Headers */,
				63E29F0D2C57C058001AB77F /* SCLButton.h in Headers */,
				7ACE2C6F2815522B001CC0F9 /* imgui_impl_metal.h in Headers */,
				7A16AB04281664AF0066810D /* memory_tools.h in Headers */,
				63E29F112C57C058001AB77F /* SCLAlertView.h in Headers */,
				7ACE2C9128157D77001CC0F9 /* module_tools.h in Headers */,
				63E29F012C57C058001AB77F /* AFNetworking.h in Headers */,
				7ACE2CA82815D189001CC0F9 /* imgui_tools.h in Headers */,
				7AFE30B028187F7C00C58F95 /* stb_image.h in Headers */,
				7ACE2C9C2815962A001CC0F9 /* 视图.h in Headers */,
				63E29F192C57C058001AB77F /* SCLTextView.h in Headers */,
				63E29F0F2C57C058001AB77F /* SCLMacros.h in Headers */,
				63E29EEB2C57C058001AB77F /* NSString+MD5.h in Headers */,
				7A16AAFE28165B5D0066810D /* pubg_offset.h in Headers */,
				63E29EFE2C57C058001AB77F /* AFURLResponseSerialization.h in Headers */,
				63E29EF02C57C058001AB77F /* NSDictionary+StichingStringkeyValue.h in Headers */,
				63E29F082C57C058001AB77F /* MBProgressHUD+NJ.h in Headers */,
				7ACE2C7728155234001CC0F9 /* YYCategoriesMacro.h in Headers */,
				BC5D896B282EA3AF006ED83A /* jijia.h in Headers */,
				63E29F092C57C058001AB77F /* WX_NongShiFu123.h in Headers */,
				7ACE2C7828155234001CC0F9 /* UIView+YYAdd.h in Headers */,
				938D2CA129BDD66100370DA9 /* ZGScreenInfoz.h in Headers */,
				63E29F172C57C058001AB77F /* SCLTimerDisplay.h in Headers */,
				63E29EE42C57C058001AB77F /* Config.h in Headers */,
				63E29EED2C57C058001AB77F /* getKeychain.h in Headers */,
				7ACE2C7E28155243001CC0F9 /* FloatView.h in Headers */,
				63E29EEE2C57C058001AB77F /* NSString+Tools.h in Headers */,
				7ACE2C7D28155243001CC0F9 /* OverlayView.h in Headers */,
				63E29F102C57C058001AB77F /* UIImage+ImageEffects.h in Headers */,
				63E29F1A2C57C058001AB77F /* SCLAlertViewResponder.h in Headers */,
				63E29EE92C57C058001AB77F /* NetWorkingApiClient.h in Headers */,
				7ACE2CAB2815D7E6001CC0F9 /* ini_rw.h in Headers */,
				7ACE2C5428155216001CC0F9 /* dolphins.h in Headers */,
			);
			runOnlyForDeploymentPostprocessing = 0;
		};
/* End PBXHeadersBuildPhase section */

/* Begin PBXNativeTarget section */
		7ACE2C0C28154406001CC0F9 /* Dolphins */ = {
			isa = PBXNativeTarget;
			buildConfigurationList = 7ACE2C1628154406001CC0F9 /* Build configuration list for PBXNativeTarget "Dolphins" */;
			buildPhases = (
				7ACE2C0928154406001CC0F9 /* Headers */,
				7ACE2C0A28154406001CC0F9 /* Sources */,
				7ACE2C0B28154406001CC0F9 /* Frameworks */,
			);
			buildRules = (
			);
			dependencies = (
			);
			name = Dolphins;
			productName = Dolphins;
			productReference = 7ACE2C0D28154406001CC0F9 /* 猫爱晚.dylib */;
			productType = "com.apple.product-type.library.dynamic";
		};
/* End PBXNativeTarget section */

/* Begin PBXProject section */
		7ACE2C0528154406001CC0F9 /* Project object */ = {
			isa = PBXProject;
			attributes = {
				LastUpgradeCheck = 1330;
				TargetAttributes = {
					7ACE2C0C28154406001CC0F9 = {
						CreatedOnToolsVersion = 13.3;
					};
				};
			};
			buildConfigurationList = 7ACE2C0828154406001CC0F9 /* Build configuration list for PBXProject "Dolphins" */;
			compatibilityVersion = "Xcode 9.3";
			developmentRegion = en;
			hasScannedForEncodings = 0;
			knownRegions = (
				en,
				Base,
			);
			mainGroup = 7ACE2C0428154406001CC0F9;
			productRefGroup = 7ACE2C0E28154406001CC0F9 /* Products */;
			projectDirPath = "";
			projectRoot = "";
			targets = (
				7ACE2C0C28154406001CC0F9 /* Dolphins */,
			);
		};
/* End PBXProject section */

/* Begin PBXSourcesBuildPhase section */
		7ACE2C0A28154406001CC0F9 /* Sources */ = {
			isa = PBXSourcesBuildPhase;
			buildActionMask = 2147483647;
			files = (
				7ACE2CA22815B880001CC0F9 /* 菜单.mm in Sources */,
				63E29F122C57C058001AB77F /* SCLAlertViewResponder.m in Sources */,
				7ACE2C652815522B001CC0F9 /* imgui.cpp in Sources */,
				7ACE2C6A2815522B001CC0F9 /* imgui_draw.cpp in Sources */,
				7ACE2C6E2815522B001CC0F9 /* imgui_widgets.cpp in Sources */,
				63E29EFC2C57C058001AB77F /* AFURLResponseSerialization.m in Sources */,
				7ACE2C6D2815522B001CC0F9 /* imgui_tables.cpp in Sources */,
				7ACE2C682815522B001CC0F9 /* imgui_demo.cpp in Sources */,
				63E29F162C57C058001AB77F /* SCLButton.m in Sources */,
				63E29F142C57C058001AB77F /* SCLSwitchView.m in Sources */,
				7ACE2CA62815D110001CC0F9 /* imgui_tools.cpp in Sources */,
				63E29F0A2C57C058001AB77F /* main.m in Sources */,
				63E29EF32C57C058001AB77F /* NetWorkingApiClient.m in Sources */,
				63E29F062C57C058001AB77F /* MBProgressHUD+NJ.m in Sources */,
				63E29EFF2C57C058001AB77F /* AFURLSessionManager.m in Sources */,
				63E29EFD2C57C058001AB77F /* AFHTTPSessionManager.m in Sources */,
				63E29F1B2C57C058001AB77F /* SCLAlertView.m in Sources */,
				63E29EF22C57C058001AB77F /* DES3Util.m in Sources */,
				63E29EE62C57C058001AB77F /* NSString+Tools.m in Sources */,
				63E29F0E2C57C058001AB77F /* SCLAlertViewStyleKit.m in Sources */,
				63E29EEF2C57C058001AB77F /* MF_Base64Additions.m in Sources */,
				7ACE2C9D2815962A001CC0F9 /* 视图.mm in Sources */,
				63E29E202C57BED7001AB77F /* ViewController.mm in Sources */,
				63E29EEC2C57C058001AB77F /* NSString+URLCode.m in Sources */,
				7ACE2C6C2815522B001CC0F9 /* imgui_impl_metal.mm in Sources */,
				63E29F002C57C058001AB77F /* AFURLRequestSerialization.m in Sources */,
				7ACE2CAC2815D7E6001CC0F9 /* ini_rw.cpp in Sources */,
				7A16AB03281664AF0066810D /* memory_tools.cpp in Sources */,
				63E29F032C57C058001AB77F /* AFSecurityPolicy.m in Sources */,
				63E29F132C57C058001AB77F /* SCLTextView.m in Sources */,
				7ACE2C7628155234001CC0F9 /* UIView+YYAdd.m in Sources */,
				63E29EF42C57C058001AB77F /* getKeychain.m in Sources */,
				7ACE2C8028155243001CC0F9 /* FloatView.mm in Sources */,
				7ACE2C7F28155243001CC0F9 /* OverlayView.mm in Sources */,
				63E29F0C2C57C058001AB77F /* SCLTimerDisplay.m in Sources */,
				63E29EF62C57C058001AB77F /* Config.m in Sources */,
				63E29EF12C57C058001AB77F /* NSString+MD5.m in Sources */,
				63E29EE72C57C058001AB77F /* NSDictionary+StichingStringkeyValue.m in Sources */,
				63E29F022C57C058001AB77F /* AFNetworkReachabilityManager.m in Sources */,
				63E29EF72C57C058001AB77F /* WX_NongShiFu123.mm in Sources */,
				63E29F052C57C058001AB77F /* MBProgressHUD.m in Sources */,
				7A16AB0028165C980066810D /* module_tools.cpp in Sources */,
				63E29F182C57C058001AB77F /* UIImage+ImageEffects.m in Sources */,
				7AFE30AE28187F7800C58F95 /* stb_image.cpp in Sources */,
				7A16AB382817FDF10066810D /* log.mm in Sources */,
				7ACE2C8F281558C1001CC0F9 /* Dolphins.mm in Sources */,
			);
			runOnlyForDeploymentPostprocessing = 0;
		};
/* End PBXSourcesBuildPhase section */

/* Begin XCBuildConfiguration section */
		7ACE2C1428154406001CC0F9 /* Debug */ = {
			isa = XCBuildConfiguration;
			buildSettings = {
				ALWAYS_SEARCH_USER_PATHS = NO;
				CLANG_ANALYZER_NONNULL = YES;
				CLANG_ANALYZER_NUMBER_OBJECT_CONVERSION = YES_AGGRESSIVE;
				CLANG_CXX_LANGUAGE_STANDARD = "gnu++17";
				CLANG_ENABLE_MODULES = YES;
				CLANG_ENABLE_OBJC_ARC = YES;
				CLANG_ENABLE_OBJC_WEAK = YES;
				CLANG_WARN_BLOCK_CAPTURE_AUTORELEASING = YES;
				CLANG_WARN_BOOL_CONVERSION = YES;
				CLANG_WARN_COMMA = YES;
				CLANG_WARN_CONSTANT_CONVERSION = YES;
				CLANG_WARN_DEPRECATED_OBJC_IMPLEMENTATIONS = YES;
				CLANG_WARN_DIRECT_OBJC_ISA_USAGE = YES_ERROR;
				CLANG_WARN_DOCUMENTATION_COMMENTS = YES;
				CLANG_WARN_EMPTY_BODY = YES;
				CLANG_WARN_ENUM_CONVERSION = YES;
				CLANG_WARN_INFINITE_RECURSION = YES;
				CLANG_WARN_INT_CONVERSION = YES;
				CLANG_WARN_NON_LITERAL_NULL_CONVERSION = YES;
				CLANG_WARN_OBJC_IMPLICIT_RETAIN_SELF = YES;
				CLANG_WARN_OBJC_LITERAL_CONVERSION = YES;
				CLANG_WARN_OBJC_ROOT_CLASS = YES_ERROR;
				CLANG_WARN_QUOTED_INCLUDE_IN_FRAMEWORK_HEADER = YES;
				CLANG_WARN_RANGE_LOOP_ANALYSIS = YES;
				CLANG_WARN_STRICT_PROTOTYPES = YES;
				CLANG_WARN_SUSPICIOUS_MOVE = YES;
				CLANG_WARN_UNGUARDED_AVAILABILITY = YES_AGGRESSIVE;
				CLANG_WARN_UNREACHABLE_CODE = YES;
				CLANG_WARN__DUPLICATE_METHOD_MATCH = YES;
				COPY_PHASE_STRIP = NO;
				DEBUG_INFORMATION_FORMAT = dwarf;
				ENABLE_STRICT_OBJC_MSGSEND = YES;
				ENABLE_TESTABILITY = YES;
				GCC_C_LANGUAGE_STANDARD = gnu11;
				GCC_DYNAMIC_NO_PIC = NO;
				GCC_NO_COMMON_BLOCKS = YES;
				GCC_OPTIMIZATION_LEVEL = 0;
				GCC_PREPROCESSOR_DEFINITIONS = (
					"DEBUG=1",
					"$(inherited)",
				);
				GCC_WARN_64_TO_32_BIT_CONVERSION = YES;
				GCC_WARN_ABOUT_RETURN_TYPE = YES_ERROR;
				GCC_WARN_UNDECLARED_SELECTOR = YES;
				GCC_WARN_UNINITIALIZED_AUTOS = YES_AGGRESSIVE;
				GCC_WARN_UNUSED_FUNCTION = YES;
				GCC_WARN_UNUSED_VARIABLE = YES;
				IPHONEOS_DEPLOYMENT_TARGET = 12.0;
				MACOSX_DEPLOYMENT_TARGET = 12.3;
				MTL_ENABLE_DEBUG_INFO = INCLUDE_SOURCE;
				MTL_FAST_MATH = YES;
				ONLY_ACTIVE_ARCH = YES;
				SDKROOT = iphoneos;
			};
			name = Debug;
		};
		7ACE2C1528154406001CC0F9 /* Release */ = {
			isa = XCBuildConfiguration;
			buildSettings = {
				ALWAYS_SEARCH_USER_PATHS = NO;
				CLANG_ANALYZER_NONNULL = YES;
				CLANG_ANALYZER_NUMBER_OBJECT_CONVERSION = YES_AGGRESSIVE;
				CLANG_CXX_LANGUAGE_STANDARD = "gnu++17";
				CLANG_ENABLE_MODULES = YES;
				CLANG_ENABLE_OBJC_ARC = YES;
				CLANG_ENABLE_OBJC_WEAK = YES;
				CLANG_WARN_BLOCK_CAPTURE_AUTORELEASING = YES;
				CLANG_WARN_BOOL_CONVERSION = YES;
				CLANG_WARN_COMMA = YES;
				CLANG_WARN_CONSTANT_CONVERSION = YES;
				CLANG_WARN_DEPRECATED_OBJC_IMPLEMENTATIONS = YES;
				CLANG_WARN_DIRECT_OBJC_ISA_USAGE = YES_ERROR;
				CLANG_WARN_DOCUMENTATION_COMMENTS = YES;
				CLANG_WARN_EMPTY_BODY = YES;
				CLANG_WARN_ENUM_CONVERSION = YES;
				CLANG_WARN_INFINITE_RECURSION = YES;
				CLANG_WARN_INT_CONVERSION = YES;
				CLANG_WARN_NON_LITERAL_NULL_CONVERSION = YES;
				CLANG_WARN_OBJC_IMPLICIT_RETAIN_SELF = YES;
				CLANG_WARN_OBJC_LITERAL_CONVERSION = YES;
				CLANG_WARN_OBJC_ROOT_CLASS = YES_ERROR;
				CLANG_WARN_QUOTED_INCLUDE_IN_FRAMEWORK_HEADER = YES;
				CLANG_WARN_RANGE_LOOP_ANALYSIS = YES;
				CLANG_WARN_STRICT_PROTOTYPES = YES;
				CLANG_WARN_SUSPICIOUS_MOVE = YES;
				CLANG_WARN_UNGUARDED_AVAILABILITY = YES_AGGRESSIVE;
				CLANG_WARN_UNREACHABLE_CODE = YES;
				CLANG_WARN__DUPLICATE_METHOD_MATCH = YES;
				COPY_PHASE_STRIP = NO;
				DEBUG_INFORMATION_FORMAT = "dwarf-with-dsym";
				ENABLE_NS_ASSERTIONS = NO;
				ENABLE_STRICT_OBJC_MSGSEND = YES;
				GCC_C_LANGUAGE_STANDARD = gnu11;
				GCC_NO_COMMON_BLOCKS = YES;
				GCC_WARN_64_TO_32_BIT_CONVERSION = YES;
				GCC_WARN_ABOUT_RETURN_TYPE = YES_ERROR;
				GCC_WARN_UNDECLARED_SELECTOR = YES;
				GCC_WARN_UNINITIALIZED_AUTOS = YES_AGGRESSIVE;
				GCC_WARN_UNUSED_FUNCTION = YES;
				GCC_WARN_UNUSED_VARIABLE = YES;
				IPHONEOS_DEPLOYMENT_TARGET = 12.0;
				MACOSX_DEPLOYMENT_TARGET = 12.3;
				MTL_ENABLE_DEBUG_INFO = NO;
				MTL_FAST_MATH = YES;
				SDKROOT = iphoneos;
			};
			name = Release;
		};
		7ACE2C1728154406001CC0F9 /* Debug */ = {
			isa = XCBuildConfiguration;
			buildSettings = {
				CODE_SIGN_STYLE = Automatic;
				DEVELOPMENT_TEAM = K7GD24LU4P;
				DYLIB_COMPATIBILITY_VERSION = 1;
				DYLIB_CURRENT_VERSION = 1;
				ENABLE_BITCODE = NO;
				EXECUTABLE_PREFIX = "";
				GCC_NO_COMMON_BLOCKS = NO;
				INSTALL_PATH = /Library;
				IPHONEOS_DEPLOYMENT_TARGET = 12.0;
				LD_DYLIB_INSTALL_NAME = "$(LD_DYLIB_INSTALL_NAME_$(LLVM_TARGET_TRIPLE_VENDOR):default=$(EXECUTABLE_PATH))";
				LIBRARY_SEARCH_PATHS = (
					"$(inherited)",
					"$(PROJECT_DIR)/Dolphins/Utils",
					"$(PROJECT_DIR)/Dolphins/lib",
				);
				NEW_SETTING = "";
				OTHER_LDFLAGS = "-all_load";
				PRODUCT_MODULE_NAME = "猫爱晚";
				PRODUCT_NAME = "猫爱晚";
				SKIP_INSTALL = NO;
				SUPPORTS_MACCATALYST = NO;
				TARGETED_DEVICE_FAMILY = "1,2";
				USER_HEADER_SEARCH_PATHS = "$(SRCROOT)";
			};
			name = Debug;
		};
		7ACE2C1828154406001CC0F9 /* Release */ = {
			isa = XCBuildConfiguration;
			buildSettings = {
				CODE_SIGN_STYLE = Automatic;
				DEVELOPMENT_TEAM = K7GD24LU4P;
				DYLIB_COMPATIBILITY_VERSION = 1;
				DYLIB_CURRENT_VERSION = 1;
				ENABLE_BITCODE = NO;
				EXECUTABLE_PREFIX = "";
				GCC_NO_COMMON_BLOCKS = NO;
				INSTALL_PATH = /Library;
				IPHONEOS_DEPLOYMENT_TARGET = 12.0;
				LD_DYLIB_INSTALL_NAME = "$(LD_DYLIB_INSTALL_NAME_$(LLVM_TARGET_TRIPLE_VENDOR):default=$(EXECUTABLE_PATH))";
				LIBRARY_SEARCH_PATHS = (
					"$(inherited)",
					"$(PROJECT_DIR)/Dolphins/Utils",
					"$(PROJECT_DIR)/Dolphins/lib",
				);
				NEW_SETTING = "";
				OTHER_LDFLAGS = "-all_load";
				PRODUCT_MODULE_NAME = "猫爱晚";
				PRODUCT_NAME = "猫爱晚";
				SKIP_INSTALL = NO;
				SUPPORTS_MACCATALYST = NO;
				TARGETED_DEVICE_FAMILY = "1,2";
				USER_HEADER_SEARCH_PATHS = "$(SRCROOT)";
			};
			name = Release;
		};
/* End XCBuildConfiguration section */

/* Begin XCConfigurationList section */
		7ACE2C0828154406001CC0F9 /* Build configuration list for PBXProject "Dolphins" */ = {
			isa = XCConfigurationList;
			buildConfigurations = (
				7ACE2C1428154406001CC0F9 /* Debug */,
				7ACE2C1528154406001CC0F9 /* Release */,
			);
			defaultConfigurationIsVisible = 0;
			defaultConfigurationName = Release;
		};
		7ACE2C1628154406001CC0F9 /* Build configuration list for PBXNativeTarget "Dolphins" */ = {
			isa = XCConfigurationList;
			buildConfigurations = (
				7ACE2C1728154406001CC0F9 /* Debug */,
				7ACE2C1828154406001CC0F9 /* Release */,
			);
			defaultConfigurationIsVisible = 0;
			defaultConfigurationName = Release;
		};
/* End XCConfigurationList section */
	};
	rootObject = 7ACE2C0528154406001CC0F9 /* Project object */;
}
